<?xml version="1.0" encoding="utf-8"?>
<Project ToolsVersion="4.0" xmlns="http://schemas.microsoft.com/developer/msbuild/2003">
  <ItemGroup>
    <Filter Include="ソース ファイル">
      <UniqueIdentifier>{4FC737F1-C7A5-4376-A066-2A32D752A2FF}</UniqueIdentifier>
      <Extensions>cpp;c;cc;cxx;def;odl;idl;hpj;bat;asm;asmx</Extensions>
    </Filter>
    <Filter Include="ヘッダー ファイル">
      <UniqueIdentifier>{93995380-89BD-4b04-88EB-625FBE52EBFB}</UniqueIdentifier>
      <Extensions>h;hh;hpp;hxx;hm;inl;inc;xsd</Extensions>
    </Filter>
    <Filter Include="リソース ファイル">
      <UniqueIdentifier>{67DA6AB6-F800-4c08-8B7A-83BB121AAD01}</UniqueIdentifier>
      <Extensions>rc;ico;cur;bmp;dlg;rc2;rct;bin;rgs;gif;jpg;jpeg;jpe;resx;tiff;tif;png;wav;mfcribbon-ms</Extensions>
    </Filter>
    <Filter Include="Fx">
      <UniqueIdentifier>{d696fc43-2ff7-41fa-8a8b-02a547190ab7}</UniqueIdentifier>
    </Filter>
    <Filter Include="ソース ファイル\Base">
      <UniqueIdentifier>{5e62effd-ed25-45f6-8da4-b9bedc1f9c27}</UniqueIdentifier>
    </Filter>
  </ItemGroup>
  <ItemGroup>
    <ClCompile Include="Sources\input.cpp">
      <Filter>ソース ファイル</Filter>
    </ClCompile>
    <ClCompile Include="Sources\keyboard.cpp">
      <Filter>ソース ファイル</Filter>
    </ClCompile>
    <ClCompile Include="Sources\polygon3d_11.cpp">
      <Filter>ソース ファイル</Filter>
    </ClCompile>
    <ClCompile Include="Sources\renderer11.cpp">
      <Filter>ソース ファイル</Filter>
    </ClCompile>
    <ClCompile Include="Sources\shader.cpp">
      <Filter>ソース ファイル</Filter>
    </ClCompile>
    <ClCompile Include="Sources\directx11bace.cpp">
      <Filter>ソース ファイル\Base</Filter>
    </ClCompile>
    <ClCompile Include="Sources\main.cpp">
      <Filter>ソース ファイル\Base</Filter>
    </ClCompile>
    <ClCompile Include="Sources\windowBace.cpp">
      <Filter>ソース ファイル\Base</Filter>
    </ClCompile>
    <ClCompile Include="Sources\game11Base.cpp">
      <Filter>ソース ファイル\Base</Filter>
    </ClCompile>
  </ItemGroup>
  <ItemGroup>
    <ClInclude Include="Sources\common.h">
      <Filter>ソース ファイル</Filter>
    </ClInclude>
    <ClInclude Include="Sources\polygon3d_11.h">
      <Filter>ソース ファイル</Filter>
    </ClInclude>
    <ClInclude Include="Sources\input.h">
      <Filter>ソース ファイル</Filter>
    </ClInclude>
    <ClInclude Include="Sources\keyboard.h">
      <Filter>ソース ファイル</Filter>
    </ClInclude>
    <ClInclude Include="Sources\renderer11.h">
      <Filter>ソース ファイル</Filter>
    </ClInclude>
    <ClInclude Include="Sources\shader.h">
      <Filter>ソース ファイル</Filter>
    </ClInclude>
    <ClInclude Include="Sources\directx11bace.h">
      <Filter>ソース ファイル\Base</Filter>
    </ClInclude>
    <ClInclude Include="Sources\main.h">
      <Filter>ソース ファイル\Base</Filter>
    </ClInclude>
    <ClInclude Include="Sources\windowBace.h">
      <Filter>ソース ファイル\Base</Filter>
    </ClInclude>
    <ClInclude Include="Sources\game11Base.h">
      <Filter>ソース ファイル\Base</Filter>
    </ClInclude>
  </ItemGroup>
  <ItemGroup>
    <FxCompile Include="Sources\Fx\shader.hlsl">
      <Filter>Fx</Filter>
    </FxCompile>
  </ItemGroup>
  <ItemGroup>
    <None Include="Sources\Fx\light.hlsl">
      <Filter>Fx</Filter>
    </None>
    <None Include="Sources\Fx\tessellation.hlsl">
      <Filter>Fx</Filter>
    </None>
  </ItemGroup>
</Project>